
Microsoft Visual Studio Solution File, Format Version 12.00
# Visual Studio 15
VisualStudioVersion = 15.0.27130.2027
MinimumVisualStudioVersion = 10.0.40219.1
Project("{9A19103F-16F7-4668-BE54-9A1E7A4F7556}") = "Hash.Pizza", "Hash.Pizza\Hash.Pizza.csproj", "{83952A42-A067-410E-AF24-9C4DFA2E541F}"
EndProject
Project("{FAE04EC0-301F-11D3-BF4B-00C04F79EFBC}") = "Tests.Hash.Pizza", "Tests.Hash.Pizza\Tests.Hash.Pizza.csproj", "{7AD677AA-3E79-4B76-9B7F-97A6AF81BBB1}"
EndProject
Project("{FAE04EC0-301F-11D3-BF4B-00C04F79EFBC}") = "XTests.Hash.Pizza", "XTests.Hash.Pizza\XTests.Hash.Pizza.csproj", "{CE2251F4-6126-4524-BBF2-ADAB8F68D8F1}"
EndProject
Global
	GlobalSection(SolutionConfigurationPlatforms) = preSolution
		Debug|Any CPU = Debug|Any CPU
		Release|Any CPU = Release|Any CPU
	EndGlobalSection
	GlobalSection(ProjectConfigurationPlatforms) = postSolution
		{83952A42-A067-410E-AF24-9C4DFA2E541F}.Debug|Any CPU.ActiveCfg = Debug|Any CPU
		{83952A42-A067-410E-AF24-9C4DFA2E541F}.Debug|Any CPU.Build.0 = Debug|Any CPU
		{83952A42-A067-410E-AF24-9C4DFA2E541F}.Release|Any CPU.ActiveCfg = Release|Any CPU
		{83952A42-A067-410E-AF24-9C4DFA2E541F}.Release|Any CPU.Build.0 = Release|Any CPU
		{7AD677AA-3E79-4B76-9B7F-97A6AF81BBB1}.Debug|Any CPU.ActiveCfg = Debug|Any CPU
		{7AD677AA-3E79-4B76-9B7F-97A6AF81BBB1}.Debug|Any CPU.Build.0 = Debug|Any CPU
		{7AD677AA-3E79-4B76-9B7F-97A6AF81BBB1}.Release|Any CPU.ActiveCfg = Release|Any CPU
		{7AD677AA-3E79-4B76-9B7F-97A6AF81BBB1}.Release|Any CPU.Build.0 = Release|Any CPU
		{CE2251F4-6126-4524-BBF2-ADAB8F68D8F1}.Debug|Any CPU.ActiveCfg = Debug|Any CPU
		{CE2251F4-6126-4524-BBF2-ADAB8F68D8F1}.Debug|Any CPU.Build.0 = Debug|Any CPU
		{CE2251F4-6126-4524-BBF2-ADAB8F68D8F1}.Release|Any CPU.ActiveCfg = Release|Any CPU
		{CE2251F4-6126-4524-BBF2-ADAB8F68D8F1}.Release|Any CPU.Build.0 = Release|Any CPU
	EndGlobalSection
	GlobalSection(SolutionProperties) = preSolution
		HideSolutionNode = FALSE
	EndGlobalSection
	GlobalSection(ExtensibilityGlobals) = postSolution
		SolutionGuid = {AF578258-5546-46B0-8882-14D0A48A6E61}
	EndGlobalSection
EndGlobal
